
Microsoft Visual Studio Solution File, Format Version 12.00
# Visual Studio Version 17
VisualStudioVersion = 17.1.32319.34
MinimumVisualStudioVersion = 10.0.40219.1
Project("{FAE04EC0-301F-11D3-BF4B-00C04F79EFBC}") = "PolimorphismRepeat", "PolimorphismRepeat\PolimorphismRepeat.csproj", "{9AEE32AA-0AC3-41E6-95EE-E4371FC1E0D9}"
EndProject
Global
	GlobalSection(SolutionConfigurationPlatforms) = preSolution
		Debug|Any CPU = Debug|Any CPU
		Release|Any CPU = Release|Any CPU
	EndGlobalSection
	GlobalSection(ProjectConfigurationPlatforms) = postSolution
		{9AEE32AA-0AC3-41E6-95EE-E4371FC1E0D9}.Debug|Any CPU.ActiveCfg = Debug|Any CPU
		{9AEE32AA-0AC3-41E6-95EE-E4371FC1E0D9}.Debug|Any CPU.Build.0 = Debug|Any CPU
		{9AEE32AA-0AC3-41E6-95EE-E4371FC1E0D9}.Release|Any CPU.ActiveCfg = Release|Any CPU
		{9AEE32AA-0AC3-41E6-95EE-E4371FC1E0D9}.Release|Any CPU.Build.0 = Release|Any CPU
	EndGlobalSection
	GlobalSection(SolutionProperties) = preSolution
		HideSolutionNode = FALSE
	EndGlobalSection
	GlobalSection(ExtensibilityGlobals) = postSolution
		SolutionGuid = {24976277-90CD-4027-A18A-422139995750}
	EndGlobalSection
EndGlobal
